PODS:
  - ColorfulWoodUIBase (1.0.9):
    - Masonry
  - Masonry (1.0.2)

DEPENDENCIES:
  - ColorfulWoodUIBase
  - Masonry

SPEC CHECKSUMS:
  ColorfulWoodUIBase: e0e9baadcb4a172a51fe60a5af9e6600d7362419
  Masonry: 7c429b56da9d4ee0bbb3ed77a5ea710d6a5df39e

PODFILE CHECKSUM: 0479f0e5a86232bee1d44710e467ecfdb4c13210

COCOAPODS: 1.1.1
