PODS:
  - BmobSDK (2.1.5)
  - ColorfulWoodCategories (1.0.4)
  - ColorfulWoodUIBase (1.0.9):
    - Masonry
  - ColorfulWoodUIUser (1.0.8):
    - ColorfulWoodUIBase
    - Masonry
  - JKCategories (1.5)
  - Masonry (1.0.2)

DEPENDENCIES:
  - BmobSDK
  - ColorfulWoodCategories
  - ColorfulWoodUIBase
  - ColorfulWoodUIUser
  - JKCategories
  - Masonry

SPEC CHECKSUMS:
  BmobSDK: 9b4ae6d8de903affaee9703cf082f7f6b03ceba4
  ColorfulWoodCategories: 2db218679d06742d8548b8afb17d6625b47e4532
  ColorfulWoodUIBase: e0e9baadcb4a172a51fe60a5af9e6600d7362419
  ColorfulWoodUIUser: 3293ab4f96a6b69ee16937862506e55916a692c1
  JKCategories: 863f4c7ed2d521ee6bf72ceea97948da23bb5af4
  Masonry: 7c429b56da9d4ee0bbb3ed77a5ea710d6a5df39e

PODFILE CHECKSUM: 4427e272eea55b462343ca1a2a2a3824ce9f13a9

COCOAPODS: 1.1.1
