PODS:
  - BmobSDK (2.1.5)
  - ColorfulWoodCategories (1.0.2)
  - JKCategories (1.5)
  - Masonry (1.0.2)

DEPENDENCIES:
  - BmobSDK
  - ColorfulWoodCategories
  - JKCategories
  - Masonry

SPEC CHECKSUMS:
  BmobSDK: 9b4ae6d8de903affaee9703cf082f7f6b03ceba4
  ColorfulWoodCategories: 8e2266d8b20fa67bb90581e4606bc55eb041614a
  JKCategories: 863f4c7ed2d521ee6bf72ceea97948da23bb5af4
  Masonry: 7c429b56da9d4ee0bbb3ed77a5ea710d6a5df39e

PODFILE CHECKSUM: 17431f757e9903e353612e573692cdf9de405da0

COCOAPODS: 1.1.1
